
Microsoft Visual Studio Solution File, Format Version 12.00
# Visual Studio Version 17
VisualStudioVersion = 17.11.35327.3
MinimumVisualStudioVersion = 10.0.40219.1
Project("{8BC9CEB8-8B4A-11D0-8D11-00A0C91BC942}") = "Remove exclamation marks", "Remove exclamation marks\Remove exclamation marks.vcxproj", "{6C4B236C-BA88-416E-B4F9-A68765966122}"
EndProject
Global
	GlobalSection(SolutionConfigurationPlatforms) = preSolution
		Debug|x64 = Debug|x64
		Debug|x86 = Debug|x86
		Release|x64 = Release|x64
		Release|x86 = Release|x86
	EndGlobalSection
	GlobalSection(ProjectConfigurationPlatforms) = postSolution
		{6C4B236C-BA88-416E-B4F9-A68765966122}.Debug|x64.ActiveCfg = Debug|x64
		{6C4B236C-BA88-416E-B4F9-A68765966122}.Debug|x64.Build.0 = Debug|x64
		{6C4B236C-BA88-416E-B4F9-A68765966122}.Debug|x86.ActiveCfg = Debug|Win32
		{6C4B236C-BA88-416E-B4F9-A68765966122}.Debug|x86.Build.0 = Debug|Win32
		{6C4B236C-BA88-416E-B4F9-A68765966122}.Release|x64.ActiveCfg = Release|x64
		{6C4B236C-BA88-416E-B4F9-A68765966122}.Release|x64.Build.0 = Release|x64
		{6C4B236C-BA88-416E-B4F9-A68765966122}.Release|x86.ActiveCfg = Release|Win32
		{6C4B236C-BA88-416E-B4F9-A68765966122}.Release|x86.Build.0 = Release|Win32
	EndGlobalSection
	GlobalSection(SolutionProperties) = preSolution
		HideSolutionNode = FALSE
	EndGlobalSection
	GlobalSection(ExtensibilityGlobals) = postSolution
		SolutionGuid = {7AAC16FA-3DA5-4C6F-A354-1EF7FF0F55E3}
	EndGlobalSection
EndGlobal
